
Microsoft Visual Studio Solution File, Format Version 12.00
# Visual Studio 15
VisualStudioVersion = 15.0.27428.2015
MinimumVisualStudioVersion = 10.0.40219.1
Project("{FAE04EC0-301F-11D3-BF4B-00C04F79EFBC}") = "Contacts_upstack", "Contacts_upstack\Contacts_upstack.csproj", "{A291244C-7DFE-41E9-870C-F10AF24E7DB5}"
EndProject
Global
	GlobalSection(SolutionConfigurationPlatforms) = preSolution
		Debug|Any CPU = Debug|Any CPU
		Release|Any CPU = Release|Any CPU
	EndGlobalSection
	GlobalSection(ProjectConfigurationPlatforms) = postSolution
		{A291244C-7DFE-41E9-870C-F10AF24E7DB5}.Debug|Any CPU.ActiveCfg = Debug|Any CPU
		{A291244C-7DFE-41E9-870C-F10AF24E7DB5}.Debug|Any CPU.Build.0 = Debug|Any CPU
		{A291244C-7DFE-41E9-870C-F10AF24E7DB5}.Release|Any CPU.ActiveCfg = Release|Any CPU
		{A291244C-7DFE-41E9-870C-F10AF24E7DB5}.Release|Any CPU.Build.0 = Release|Any CPU
	EndGlobalSection
	GlobalSection(SolutionProperties) = preSolution
		HideSolutionNode = FALSE
	EndGlobalSection
	GlobalSection(ExtensibilityGlobals) = postSolution
		SolutionGuid = {83A05019-52A6-4DE5-A140-6B42EF898586}
	EndGlobalSection
EndGlobal
